<?xml version="1.0" encoding="utf-8"?>
<Project ToolsVersion="4.0" xmlns="http://schemas.microsoft.com/developer/msbuild/2003">
  <ItemGroup>
    <Filter Include="network">
      <UniqueIdentifier>{bbb22350-dd56-4271-9b3e-378b38521455}</UniqueIdentifier>
    </Filter>
    <Filter Include="thread">
      <UniqueIdentifier>{bd679420-fe04-4f76-862e-933aa28932f6}</UniqueIdentifier>
    </Filter>
    <Filter Include="container">
      <UniqueIdentifier>{2531e267-3712-4c04-8a88-eedc382e3d3b}</UniqueIdentifier>
    </Filter>
    <Filter Include="util">
      <UniqueIdentifier>{385fc33a-a716-40cc-872d-f1f3dc3a96fe}</UniqueIdentifier>
    </Filter>
    <Filter Include="config">
      <UniqueIdentifier>{14c9fdc4-26d2-4128-b948-320e765b47f0}</UniqueIdentifier>
    </Filter>
    <Filter Include="memory">
      <UniqueIdentifier>{14355480-3227-4b8f-b144-cbe69c095a5d}</UniqueIdentifier>
    </Filter>
    <Filter Include="xml">
      <UniqueIdentifier>{cfd611fd-6c1d-419e-9ee0-10f1db358245}</UniqueIdentifier>
    </Filter>
    <Filter Include="rapidjson">
      <UniqueIdentifier>{8e76480c-79d9-4037-a875-7b6a666c51a0}</UniqueIdentifier>
    </Filter>
    <Filter Include="rapidjson\internal">
      <UniqueIdentifier>{ebea81ba-2114-41e8-bc73-e63105e688c1}</UniqueIdentifier>
    </Filter>
    <Filter Include="mongoose">
      <UniqueIdentifier>{8d85a9b3-824e-40ba-b04f-229312ddc40c}</UniqueIdentifier>
    </Filter>
    <Filter Include="httpd">
      <UniqueIdentifier>{105ea191-de90-44df-9549-c78820374586}</UniqueIdentifier>
    </Filter>
  </ItemGroup>
  <ItemGroup>
    <ClCompile Include="util\base64.cpp">
      <Filter>util</Filter>
    </ClCompile>
    <ClCompile Include="util\Compression.cpp">
      <Filter>util</Filter>
    </ClCompile>
    <ClCompile Include="util\console.cpp">
      <Filter>util</Filter>
    </ClCompile>
    <ClCompile Include="util\cpu.cpp">
      <Filter>util</Filter>
    </ClCompile>
    <ClCompile Include="util\crc.cpp">
      <Filter>util</Filter>
    </ClCompile>
    <ClCompile Include="util\exception.cpp">
      <Filter>util</Filter>
    </ClCompile>
    <ClCompile Include="util\extendedtrace.cpp">
      <Filter>util</Filter>
    </ClCompile>
    <ClCompile Include="util\fasttimer.cpp">
      <Filter>util</Filter>
    </ClCompile>
    <ClCompile Include="util\gtime.cpp">
      <Filter>util</Filter>
    </ClCompile>
    <ClCompile Include="util\Log.cpp">
      <Filter>util</Filter>
    </ClCompile>
    <ClCompile Include="util\LuaEngine.cpp">
      <Filter>util</Filter>
    </ClCompile>
    <ClCompile Include="util\md5.cpp">
      <Filter>util</Filter>
    </ClCompile>
    <ClCompile Include="util\PathFunc.cpp">
      <Filter>util</Filter>
    </ClCompile>
    <ClCompile Include="util\random.cpp">
      <Filter>util</Filter>
    </ClCompile>
    <ClCompile Include="util\strtools.cpp">
      <Filter>util</Filter>
    </ClCompile>
    <ClCompile Include="util\vprof.cpp">
      <Filter>util</Filter>
    </ClCompile>
    <ClCompile Include="container\utlbuffer.cpp">
      <Filter>container</Filter>
    </ClCompile>
    <ClCompile Include="container\utlsymbol.cpp">
      <Filter>container</Filter>
    </ClCompile>
    <ClCompile Include="memory\memory.cpp">
      <Filter>memory</Filter>
    </ClCompile>
    <ClCompile Include="memory\nedmalloc.c">
      <Filter>memory</Filter>
    </ClCompile>
    <ClCompile Include="network\IOCP.cpp">
      <Filter>network</Filter>
    </ClCompile>
    <ClCompile Include="network\IOSelect.cpp">
      <Filter>network</Filter>
    </ClCompile>
    <ClCompile Include="network\Net.cpp">
      <Filter>network</Filter>
    </ClCompile>
    <ClCompile Include="network\Packet.cpp">
      <Filter>network</Filter>
    </ClCompile>
    <ClCompile Include="network\RingBuffer.cpp">
      <Filter>network</Filter>
    </ClCompile>
    <ClCompile Include="network\Socker.cpp">
      <Filter>network</Filter>
    </ClCompile>
    <ClCompile Include="network\SocketOpsWin.cpp">
      <Filter>network</Filter>
    </ClCompile>
    <ClCompile Include="config\CSVParser.cpp">
      <Filter>config</Filter>
    </ClCompile>
    <ClCompile Include="thread\ThreadLibFunctions.cpp">
      <Filter>thread</Filter>
    </ClCompile>
    <ClCompile Include="xml\tinystr.cpp">
      <Filter>xml</Filter>
    </ClCompile>
    <ClCompile Include="xml\tinyxml.cpp">
      <Filter>xml</Filter>
    </ClCompile>
    <ClCompile Include="xml\tinyxmlerror.cpp">
      <Filter>xml</Filter>
    </ClCompile>
    <ClCompile Include="xml\tinyxmlparser.cpp">
      <Filter>xml</Filter>
    </ClCompile>
    <ClCompile Include="mongoose\mongoose.c">
      <Filter>mongoose</Filter>
    </ClCompile>
    <ClCompile Include="network\IOEpoll.cpp">
      <Filter>network</Filter>
    </ClCompile>
    <ClCompile Include="httpd\httpd.c">
      <Filter>httpd</Filter>
    </ClCompile>
  </ItemGroup>
  <ItemGroup>
    <ClInclude Include="util\base64.h">
      <Filter>util</Filter>
    </ClInclude>
    <ClInclude Include="util\Compression.h">
      <Filter>util</Filter>
    </ClInclude>
    <ClInclude Include="util\console.h">
      <Filter>util</Filter>
    </ClInclude>
    <ClInclude Include="util\cpu.h">
      <Filter>util</Filter>
    </ClInclude>
    <ClInclude Include="util\crc.h">
      <Filter>util</Filter>
    </ClInclude>
    <ClInclude Include="util\exception.h">
      <Filter>util</Filter>
    </ClInclude>
    <ClInclude Include="util\extendedtrace.h">
      <Filter>util</Filter>
    </ClInclude>
    <ClInclude Include="util\fasttimer.h">
      <Filter>util</Filter>
    </ClInclude>
    <ClInclude Include="util\file.h">
      <Filter>util</Filter>
    </ClInclude>
    <ClInclude Include="util\gtime.h">
      <Filter>util</Filter>
    </ClInclude>
    <ClInclude Include="util\ip_filter.h">
      <Filter>util</Filter>
    </ClInclude>
    <ClInclude Include="util\Log.h">
      <Filter>util</Filter>
    </ClInclude>
    <ClInclude Include="util\LuaEngine.h">
      <Filter>util</Filter>
    </ClInclude>
    <ClInclude Include="util\md5.h">
      <Filter>util</Filter>
    </ClInclude>
    <ClInclude Include="util\PathFunc.h">
      <Filter>util</Filter>
    </ClInclude>
    <ClInclude Include="util\platform.h">
      <Filter>util</Filter>
    </ClInclude>
    <ClInclude Include="util\random.h">
      <Filter>util</Filter>
    </ClInclude>
    <ClInclude Include="util\SignalHandler.h">
      <Filter>util</Filter>
    </ClInclude>
    <ClInclude Include="util\Singleton.h">
      <Filter>util</Filter>
    </ClInclude>
    <ClInclude Include="util\strtools.h">
      <Filter>util</Filter>
    </ClInclude>
    <ClInclude Include="util\vprof.h">
      <Filter>util</Filter>
    </ClInclude>
    <ClInclude Include="container\ClxHash.h">
      <Filter>container</Filter>
    </ClInclude>
    <ClInclude Include="container\ClxHlist.h">
      <Filter>container</Filter>
    </ClInclude>
    <ClInclude Include="container\OrderedList.h">
      <Filter>container</Filter>
    </ClInclude>
    <ClInclude Include="container\stllist.h">
      <Filter>container</Filter>
    </ClInclude>
    <ClInclude Include="container\stlmap.h">
      <Filter>container</Filter>
    </ClInclude>
    <ClInclude Include="container\utlbidirectionalset.h">
      <Filter>container</Filter>
    </ClInclude>
    <ClInclude Include="container\utlbuffer.h">
      <Filter>container</Filter>
    </ClInclude>
    <ClInclude Include="container\utldict.h">
      <Filter>container</Filter>
    </ClInclude>
    <ClInclude Include="container\utldoublequeue.h">
      <Filter>container</Filter>
    </ClInclude>
    <ClInclude Include="container\utldoublestack.h">
      <Filter>container</Filter>
    </ClInclude>
    <ClInclude Include="container\utlfixedlinkedlist.h">
      <Filter>container</Filter>
    </ClInclude>
    <ClInclude Include="container\utlfixedmemory.h">
      <Filter>container</Filter>
    </ClInclude>
    <ClInclude Include="container\utlhash.h">
      <Filter>container</Filter>
    </ClInclude>
    <ClInclude Include="container\utlhashbucket.h">
      <Filter>container</Filter>
    </ClInclude>
    <ClInclude Include="container\utllinkedlist.h">
      <Filter>container</Filter>
    </ClInclude>
    <ClInclude Include="container\utlmap.h">
      <Filter>container</Filter>
    </ClInclude>
    <ClInclude Include="container\utlmemory.h">
      <Filter>container</Filter>
    </ClInclude>
    <ClInclude Include="container\utlmultilist.h">
      <Filter>container</Filter>
    </ClInclude>
    <ClInclude Include="container\utlpriorityqueue.h">
      <Filter>container</Filter>
    </ClInclude>
    <ClInclude Include="container\utlrbtree.h">
      <Filter>container</Filter>
    </ClInclude>
    <ClInclude Include="container\UtlSortVector.h">
      <Filter>container</Filter>
    </ClInclude>
    <ClInclude Include="container\utlstack.h">
      <Filter>container</Filter>
    </ClInclude>
    <ClInclude Include="container\utlsymbol.h">
      <Filter>container</Filter>
    </ClInclude>
    <ClInclude Include="container\utlvector.h">
      <Filter>container</Filter>
    </ClInclude>
    <ClInclude Include="memory\malloc.c.h">
      <Filter>memory</Filter>
    </ClInclude>
    <ClInclude Include="memory\memory.h">
      <Filter>memory</Filter>
    </ClInclude>
    <ClInclude Include="memory\memorypool.h">
      <Filter>memory</Filter>
    </ClInclude>
    <ClInclude Include="memory\nedmalloc.h">
      <Filter>memory</Filter>
    </ClInclude>
    <ClInclude Include="network\IOCP.h">
      <Filter>network</Filter>
    </ClInclude>
    <ClInclude Include="network\IOSelect.h">
      <Filter>network</Filter>
    </ClInclude>
    <ClInclude Include="network\Net.h">
      <Filter>network</Filter>
    </ClInclude>
    <ClInclude Include="network\NetHeader.h">
      <Filter>network</Filter>
    </ClInclude>
    <ClInclude Include="network\NetObservable.h">
      <Filter>network</Filter>
    </ClInclude>
    <ClInclude Include="network\Packet.h">
      <Filter>network</Filter>
    </ClInclude>
    <ClInclude Include="network\RingBuffer.h">
      <Filter>network</Filter>
    </ClInclude>
    <ClInclude Include="network\Socker.h">
      <Filter>network</Filter>
    </ClInclude>
    <ClInclude Include="network\SocketNet.h">
      <Filter>network</Filter>
    </ClInclude>
    <ClInclude Include="network\SocketOps.h">
      <Filter>network</Filter>
    </ClInclude>
    <ClInclude Include="config\CSVParser.h">
      <Filter>config</Filter>
    </ClInclude>
    <ClInclude Include="config\SimpleIni.h">
      <Filter>config</Filter>
    </ClInclude>
    <ClInclude Include="thread\Atomic.h">
      <Filter>thread</Filter>
    </ClInclude>
    <ClInclude Include="thread\Lock.h">
      <Filter>thread</Filter>
    </ClInclude>
    <ClInclude Include="thread\ThreadException.h">
      <Filter>thread</Filter>
    </ClInclude>
    <ClInclude Include="thread\ThreadLib.h">
      <Filter>thread</Filter>
    </ClInclude>
    <ClInclude Include="thread\ThreadLibFunctions.h">
      <Filter>thread</Filter>
    </ClInclude>
    <ClInclude Include="xml\tinystr.h">
      <Filter>xml</Filter>
    </ClInclude>
    <ClInclude Include="xml\tinyxml.h">
      <Filter>xml</Filter>
    </ClInclude>
    <ClInclude Include="rapidjson\document.h">
      <Filter>rapidjson</Filter>
    </ClInclude>
    <ClInclude Include="rapidjson\filestream.h">
      <Filter>rapidjson</Filter>
    </ClInclude>
    <ClInclude Include="rapidjson\prettywriter.h">
      <Filter>rapidjson</Filter>
    </ClInclude>
    <ClInclude Include="rapidjson\rapidjson.h">
      <Filter>rapidjson</Filter>
    </ClInclude>
    <ClInclude Include="rapidjson\reader.h">
      <Filter>rapidjson</Filter>
    </ClInclude>
    <ClInclude Include="rapidjson\stringbuffer.h">
      <Filter>rapidjson</Filter>
    </ClInclude>
    <ClInclude Include="rapidjson\stringreference.h">
      <Filter>rapidjson</Filter>
    </ClInclude>
    <ClInclude Include="rapidjson\writer.h">
      <Filter>rapidjson</Filter>
    </ClInclude>
    <ClInclude Include="rapidjson\internal\pow10.h">
      <Filter>rapidjson\internal</Filter>
    </ClInclude>
    <ClInclude Include="rapidjson\internal\stack.h">
      <Filter>rapidjson\internal</Filter>
    </ClInclude>
    <ClInclude Include="rapidjson\internal\strfunc.h">
      <Filter>rapidjson\internal</Filter>
    </ClInclude>
    <ClInclude Include="mongoose\mongoose.h">
      <Filter>mongoose</Filter>
    </ClInclude>
    <ClInclude Include="shared.h" />
    <ClInclude Include="container\selectablequeue.h">
      <Filter>container</Filter>
    </ClInclude>
    <ClInclude Include="network\IOEpoll.h">
      <Filter>network</Filter>
    </ClInclude>
    <ClInclude Include="httpd\httpd.h">
      <Filter>httpd</Filter>
    </ClInclude>
  </ItemGroup>
</Project>