<?xml version="1.0" encoding="utf-8"?>
<Project ToolsVersion="4.0" xmlns="http://schemas.microsoft.com/developer/msbuild/2003">
  <ItemGroup>
    <Filter Include="源文件">
      <UniqueIdentifier>{4FC737F1-C7A5-4376-A066-2A32D752A2FF}</UniqueIdentifier>
      <Extensions>cpp;c;cc;cxx;def;odl;idl;hpj;bat;asm;asmx</Extensions>
    </Filter>
    <Filter Include="头文件">
      <UniqueIdentifier>{93995380-89BD-4b04-88EB-625FBE52EBFB}</UniqueIdentifier>
      <Extensions>h;hpp;hxx;hm;inl;inc;xsd</Extensions>
    </Filter>
    <Filter Include="资源文件">
      <UniqueIdentifier>{67DA6AB6-F800-4c08-8B7A-83BB121AAD01}</UniqueIdentifier>
      <Extensions>rc;ico;cur;bmp;dlg;rc2;rct;bin;rgs;gif;jpg;jpeg;jpe;resx;tiff;tif;png;wav</Extensions>
    </Filter>
    <Filter Include="message">
      <UniqueIdentifier>{bc211d6f-a8bf-498e-856c-6704cb9a569a}</UniqueIdentifier>
    </Filter>
  </ItemGroup>
  <ItemGroup>
    <ClCompile Include="source\CommandMgr.cpp">
      <Filter>源文件</Filter>
    </ClCompile>
    <ClCompile Include="source\DBCache.cpp">
      <Filter>源文件</Filter>
    </ClCompile>
    <ClCompile Include="source\DBResult.cpp">
      <Filter>源文件</Filter>
    </ClCompile>
    <ClCompile Include="dllmain.cpp">
      <Filter>源文件</Filter>
    </ClCompile>
    <ClCompile Include="source\GameObj_Json.cpp">
      <Filter>源文件</Filter>
    </ClCompile>
    <ClCompile Include="source\MainServer.cpp">
      <Filter>源文件</Filter>
    </ClCompile>
    <ClCompile Include="source\NetClient.cpp">
      <Filter>源文件</Filter>
    </ClCompile>
    <ClCompile Include="source\NetServer.cpp">
      <Filter>源文件</Filter>
    </ClCompile>
    <ClCompile Include="source\ServerMgr.cpp">
      <Filter>源文件</Filter>
    </ClCompile>
    <ClCompile Include="stdafx.cpp">
      <Filter>源文件</Filter>
    </ClCompile>
    <ClCompile Include="..\..\public\message\source\MessageRegistServer.pb.cc">
      <Filter>message</Filter>
    </ClCompile>
    <ClCompile Include="..\..\public\message\source\MessageSyncGateLoad.pb.cc">
      <Filter>message</Filter>
    </ClCompile>
    <ClCompile Include="..\..\public\message\source\MessageSyncServer.pb.cc">
      <Filter>message</Filter>
    </ClCompile>
  </ItemGroup>
  <ItemGroup>
    <ClInclude Include="include\CommandMgr.h">
      <Filter>头文件</Filter>
    </ClInclude>
    <ClInclude Include="include\CommDef.h">
      <Filter>头文件</Filter>
    </ClInclude>
    <ClInclude Include="include\DBCache.h">
      <Filter>头文件</Filter>
    </ClInclude>
    <ClInclude Include="include\DBResult.h">
      <Filter>头文件</Filter>
    </ClInclude>
    <ClInclude Include="include\GameObj_Json.h">
      <Filter>头文件</Filter>
    </ClInclude>
    <ClInclude Include="include\MainServer.h">
      <Filter>头文件</Filter>
    </ClInclude>
    <ClInclude Include="include\NetClient.h">
      <Filter>头文件</Filter>
    </ClInclude>
    <ClInclude Include="include\NetServer.h">
      <Filter>头文件</Filter>
    </ClInclude>
    <ClInclude Include="ServerCoreInc.h">
      <Filter>头文件</Filter>
    </ClInclude>
    <ClInclude Include="include\ServerMgr.h">
      <Filter>头文件</Filter>
    </ClInclude>
    <ClInclude Include="stdafx.h">
      <Filter>头文件</Filter>
    </ClInclude>
    <ClInclude Include="targetver.h">
      <Filter>头文件</Filter>
    </ClInclude>
    <ClInclude Include="..\..\public\message\source\MessageRegistServer.pb.h">
      <Filter>message</Filter>
    </ClInclude>
    <ClInclude Include="..\..\public\message\source\MessageSyncGateLoad.pb.h">
      <Filter>message</Filter>
    </ClInclude>
    <ClInclude Include="..\..\public\message\source\MessageSyncServer.pb.h">
      <Filter>message</Filter>
    </ClInclude>
  </ItemGroup>
  <ItemGroup>
    <Text Include="ReadMe.txt" />
  </ItemGroup>
</Project>