<?xml version="1.0" encoding="utf-8"?>
<Project ToolsVersion="4.0" xmlns="http://schemas.microsoft.com/developer/msbuild/2003">
  <ItemGroup>
    <Filter Include="源文件">
      <UniqueIdentifier>{4FC737F1-C7A5-4376-A066-2A32D752A2FF}</UniqueIdentifier>
      <Extensions>cpp;c;cc;cxx;def;odl;idl;hpj;bat;asm;asmx</Extensions>
    </Filter>
    <Filter Include="头文件">
      <UniqueIdentifier>{93995380-89BD-4b04-88EB-625FBE52EBFB}</UniqueIdentifier>
      <Extensions>h;hh;hpp;hxx;hm;inl;inc;xsd</Extensions>
    </Filter>
    <Filter Include="资源文件">
      <UniqueIdentifier>{67DA6AB6-F800-4c08-8B7A-83BB121AAD01}</UniqueIdentifier>
      <Extensions>rc;ico;cur;bmp;dlg;rc2;rct;bin;rgs;gif;jpg;jpeg;jpe;resx;tiff;tif;png;wav;mfcribbon-ms</Extensions>
    </Filter>
  </ItemGroup>
  <ItemGroup>
    <Text Include="ReadMe.txt" />
  </ItemGroup>
  <ItemGroup>
    <ClInclude Include="..\source\MesagePlayerCitySync.pb.h">
      <Filter>头文件</Filter>
    </ClInclude>
    <ClInclude Include="..\source\MessageArenaChallenge.pb.h">
      <Filter>头文件</Filter>
    </ClInclude>
    <ClInclude Include="..\source\MessageArenaChallengeKnight.pb.h">
      <Filter>头文件</Filter>
    </ClInclude>
    <ClInclude Include="..\source\MessageArenaChangeOpp.pb.h">
      <Filter>头文件</Filter>
    </ClInclude>
    <ClInclude Include="..\source\MessageArenaKnightAppear.pb.h">
      <Filter>头文件</Filter>
    </ClInclude>
    <ClInclude Include="..\source\MessageArenaPlayerData.pb.h">
      <Filter>头文件</Filter>
    </ClInclude>
    <ClInclude Include="..\source\MessageArenaPlayerDataRequest.pb.h">
      <Filter>头文件</Filter>
    </ClInclude>
    <ClInclude Include="..\source\MessageArenaRefresh.pb.h">
      <Filter>头文件</Filter>
    </ClInclude>
    <ClInclude Include="..\source\MessageArenaReward.pb.h">
      <Filter>头文件</Filter>
    </ClInclude>
    <ClInclude Include="..\source\MessageArenaSyncData.pb.h">
      <Filter>头文件</Filter>
    </ClInclude>
    <ClInclude Include="..\source\MessageAttackMonsterRequest.pb.h">
      <Filter>头文件</Filter>
    </ClInclude>
    <ClInclude Include="..\source\MessageBattleAttackRequest.pb.h">
      <Filter>头文件</Filter>
    </ClInclude>
    <ClInclude Include="..\source\MessageBattleBuyActionRequest.pb.h">
      <Filter>头文件</Filter>
    </ClInclude>
    <ClInclude Include="..\source\MessageBattleBuyTimeRequest.pb.h">
      <Filter>头文件</Filter>
    </ClInclude>
    <ClInclude Include="..\source\MessageBattleDefendRequest.pb.h">
      <Filter>头文件</Filter>
    </ClInclude>
    <ClInclude Include="..\source\MessageBattleDialyRewardGetRequest.pb.h">
      <Filter>头文件</Filter>
    </ClInclude>
    <ClInclude Include="..\source\MessageBattleDoubleWinRankingRequest.pb.h">
      <Filter>头文件</Filter>
    </ClInclude>
    <ClInclude Include="..\source\MessageBattleDoubleWinRankingResponse.pb.h">
      <Filter>头文件</Filter>
    </ClInclude>
    <ClInclude Include="..\source\MessageBattleInitNotify.pb.h">
      <Filter>头文件</Filter>
    </ClInclude>
    <ClInclude Include="..\source\MessageBattleJoinerNotify.pb.h">
      <Filter>头文件</Filter>
    </ClInclude>
    <ClInclude Include="..\source\MessageBattleJoinRequest.pb.h">
      <Filter>头文件</Filter>
    </ClInclude>
    <ClInclude Include="..\source\MessageBattleMoveRequest.pb.h">
      <Filter>头文件</Filter>
    </ClInclude>
    <ClInclude Include="..\source\MessageBattleRankingRewardGetRequest.pb.h">
      <Filter>头文件</Filter>
    </ClInclude>
    <ClInclude Include="..\source\MessageBattleSingleRewardDoubleRequest.pb.h">
      <Filter>头文件</Filter>
    </ClInclude>
    <ClInclude Include="..\source\MessageBattleSingleRewardGetRequest.pb.h">
      <Filter>头文件</Filter>
    </ClInclude>
    <ClInclude Include="..\source\MessageBattleSingleRewardNotify.pb.h">
      <Filter>头文件</Filter>
    </ClInclude>
    <ClInclude Include="..\source\MessageBattleWinnerNotify.pb.h">
      <Filter>头文件</Filter>
    </ClInclude>
    <ClInclude Include="..\source\MessageBattleWinnerRewardGetRequest.pb.h">
      <Filter>头文件</Filter>
    </ClInclude>
    <ClInclude Include="..\source\MessageBattleWpinfoRequest.pb.h">
      <Filter>头文件</Filter>
    </ClInclude>
    <ClInclude Include="..\source\MessageBattleWpinfoResponse.pb.h">
      <Filter>头文件</Filter>
    </ClInclude>
    <ClInclude Include="..\source\MessageBossAttackRequest.pb.h">
      <Filter>头文件</Filter>
    </ClInclude>
    <ClInclude Include="..\source\MessageBossAttackResponse.pb.h">
      <Filter>头文件</Filter>
    </ClInclude>
    <ClInclude Include="..\source\MessageBossCooldownRequest.pb.h">
      <Filter>头文件</Filter>
    </ClInclude>
    <ClInclude Include="..\source\MessageBossCooldownResponse.pb.h">
      <Filter>头文件</Filter>
    </ClInclude>
    <ClInclude Include="..\source\MessageBossInfoNotify.pb.h">
      <Filter>头文件</Filter>
    </ClInclude>
    <ClInclude Include="..\source\MessageBossInspireRequest.pb.h">
      <Filter>头文件</Filter>
    </ClInclude>
    <ClInclude Include="..\source\MessageBossInspireResponse.pb.h">
      <Filter>头文件</Filter>
    </ClInclude>
    <ClInclude Include="..\source\MessageBossJoinRequest.pb.h">
      <Filter>头文件</Filter>
    </ClInclude>
    <ClInclude Include="..\source\MessageChat.pb.h">
      <Filter>头文件</Filter>
    </ClInclude>
    <ClInclude Include="..\source\MessageCheckNameRequest.pb.h">
      <Filter>头文件</Filter>
    </ClInclude>
    <ClInclude Include="..\source\MessageCheckNameResponse.pb.h">
      <Filter>头文件</Filter>
    </ClInclude>
    <ClInclude Include="..\source\MessageCityHelperNotify.pb.h">
      <Filter>头文件</Filter>
    </ClInclude>
    <ClInclude Include="..\source\MessageCityHelperRequest.pb.h">
      <Filter>头文件</Filter>
    </ClInclude>
    <ClInclude Include="..\source\MessageCityHelperSelectRequest.pb.h">
      <Filter>头文件</Filter>
    </ClInclude>
    <ClInclude Include="..\source\MessageCityParamsSync.pb.h">
      <Filter>头文件</Filter>
    </ClInclude>
    <ClInclude Include="..\source\MessageCityPrizzeRequest.pb.h">
      <Filter>头文件</Filter>
    </ClInclude>
    <ClInclude Include="..\source\MessageClientLogin.pb.h">
      <Filter>头文件</Filter>
    </ClInclude>
    <ClInclude Include="..\source\MessageCombatAward.pb.h">
      <Filter>头文件</Filter>
    </ClInclude>
    <ClInclude Include="..\source\MessageCombatReport.pb.h">
      <Filter>头文件</Filter>
    </ClInclude>
    <ClInclude Include="..\source\MessageCombatResult.pb.h">
      <Filter>头文件</Filter>
    </ClInclude>
    <ClInclude Include="..\source\MessageCombatStart.pb.h">
      <Filter>头文件</Filter>
    </ClInclude>
    <ClInclude Include="..\source\MessageConnectGate.pb.h">
      <Filter>头文件</Filter>
    </ClInclude>
    <ClInclude Include="..\source\MessageCreatePlayer.pb.h">
      <Filter>头文件</Filter>
    </ClInclude>
    <ClInclude Include="..\source\MessageDebugRequest.pb.h">
      <Filter>头文件</Filter>
    </ClInclude>
    <ClInclude Include="..\source\MessageDeletePlayer.pb.h">
      <Filter>头文件</Filter>
    </ClInclude>
    <ClInclude Include="..\source\MessageErrorNo.pb.h">
      <Filter>头文件</Filter>
    </ClInclude>
    <ClInclude Include="..\source\MessageEventSync.pb.h">
      <Filter>头文件</Filter>
    </ClInclude>
    <ClInclude Include="..\source\MessageExpandBagRequest.pb.h">
      <Filter>头文件</Filter>
    </ClInclude>
    <ClInclude Include="..\source\MessageFightAward.pb.h">
      <Filter>头文件</Filter>
    </ClInclude>
    <ClInclude Include="..\source\MessageFormatDebutNotify.pb.h">
      <Filter>头文件</Filter>
    </ClInclude>
    <ClInclude Include="..\source\MessageFormatDebutRequest.pb.h">
      <Filter>头文件</Filter>
    </ClInclude>
    <ClInclude Include="..\source\MessageFormatInfoNotify.pb.h">
      <Filter>头文件</Filter>
    </ClInclude>
    <ClInclude Include="..\source\MessageFormatUpRequest.pb.h">
      <Filter>头文件</Filter>
    </ClInclude>
    <ClInclude Include="..\source\MessageFormatUpResponse.pb.h">
      <Filter>头文件</Filter>
    </ClInclude>
    <ClInclude Include="..\source\MessageFriend.pb.h">
      <Filter>头文件</Filter>
    </ClInclude>
    <ClInclude Include="..\source\MessageFriends.pb.h">
      <Filter>头文件</Filter>
    </ClInclude>
    <ClInclude Include="..\source\MessageFriendsDataRequest.pb.h">
      <Filter>头文件</Filter>
    </ClInclude>
    <ClInclude Include="..\source\MessageFriendsDataResponse.pb.h">
      <Filter>头文件</Filter>
    </ClInclude>
    <ClInclude Include="..\source\MessageFriendsSync.pb.h">
      <Filter>头文件</Filter>
    </ClInclude>
    <ClInclude Include="..\source\MessageFriendsSyncToData.pb.h">
      <Filter>头文件</Filter>
    </ClInclude>
    <ClInclude Include="..\source\MessageGuestCheck.pb.h">
      <Filter>头文件</Filter>
    </ClInclude>
    <ClInclude Include="..\source\MessageHeroAttrI64Notify.pb.h">
      <Filter>头文件</Filter>
    </ClInclude>
    <ClInclude Include="..\source\MessageHeroAttrIntNotify.pb.h">
      <Filter>头文件</Filter>
    </ClInclude>
    <ClInclude Include="..\source\MessageHeroGainNotify.pb.h">
      <Filter>头文件</Filter>
    </ClInclude>
    <ClInclude Include="..\source\MessageHeroInheritRequest.pb.h">
      <Filter>头文件</Filter>
    </ClInclude>
    <ClInclude Include="..\source\MessageHeroInheritResponse.pb.h">
      <Filter>头文件</Filter>
    </ClInclude>
    <ClInclude Include="..\source\MessageHeroLeaveRequest.pb.h">
      <Filter>头文件</Filter>
    </ClInclude>
    <ClInclude Include="..\source\MessageHeroProgressRequest.pb.h">
      <Filter>头文件</Filter>
    </ClInclude>
    <ClInclude Include="..\source\MessageHeroQualityRequest.pb.h">
      <Filter>头文件</Filter>
    </ClInclude>
    <ClInclude Include="..\source\MessageHeroRecallRequest.pb.h">
      <Filter>头文件</Filter>
    </ClInclude>
    <ClInclude Include="..\source\MessageHeroRecruitRequest.pb.h">
      <Filter>头文件</Filter>
    </ClInclude>
    <ClInclude Include="..\source\MessageIntensifyCrystalRequest.pb.h">
      <Filter>头文件</Filter>
    </ClInclude>
    <ClInclude Include="..\source\MessageIntensifyCrystalResponseFlag.pb.h">
      <Filter>头文件</Filter>
    </ClInclude>
    <ClInclude Include="..\source\MessageIntensifyJadeRequest.pb.h">
      <Filter>头文件</Filter>
    </ClInclude>
    <ClInclude Include="..\source\MessageIntensifyJadeResponseFlag.pb.h">
      <Filter>头文件</Filter>
    </ClInclude>
    <ClInclude Include="..\source\MessageIntensifyMithrilRequest.pb.h">
      <Filter>头文件</Filter>
    </ClInclude>
    <ClInclude Include="..\source\MessageItemDeleteResponse.pb.h">
      <Filter>头文件</Filter>
    </ClInclude>
    <ClInclude Include="..\source\MessageItemEquipRequest.pb.h">
      <Filter>头文件</Filter>
    </ClInclude>
    <ClInclude Include="..\source\MessageItemEquipResponse.pb.h">
      <Filter>头文件</Filter>
    </ClInclude>
    <ClInclude Include="..\source\MessageItemGainResponse.pb.h">
      <Filter>头文件</Filter>
    </ClInclude>
    <ClInclude Include="..\source\MessageItemInlayCrystalRequest.pb.h">
      <Filter>头文件</Filter>
    </ClInclude>
    <ClInclude Include="..\source\MessageItemInlayCrystalResponseFlag.pb.h">
      <Filter>头文件</Filter>
    </ClInclude>
    <ClInclude Include="..\source\MessageItemInlayJadeRequest.pb.h">
      <Filter>头文件</Filter>
    </ClInclude>
    <ClInclude Include="..\source\MessageItemIntensifyRequest.pb.h">
      <Filter>头文件</Filter>
    </ClInclude>
    <ClInclude Include="..\source\MessageItemIntensifyResponseFlag.pb.h">
      <Filter>头文件</Filter>
    </ClInclude>
    <ClInclude Include="..\source\MessageItemSellRequest.pb.h">
      <Filter>头文件</Filter>
    </ClInclude>
    <ClInclude Include="..\source\MessageItemSlottingRequest.pb.h">
      <Filter>头文件</Filter>
    </ClInclude>
    <ClInclude Include="..\source\MessageItemSyncAttribI64.pb.h">
      <Filter>头文件</Filter>
    </ClInclude>
    <ClInclude Include="..\source\MessageItemSyncAttribInt.pb.h">
      <Filter>头文件</Filter>
    </ClInclude>
    <ClInclude Include="..\source\MessageItemSystem.pb.h">
      <Filter>头文件</Filter>
    </ClInclude>
    <ClInclude Include="..\source\MessageItemUnequipRequest.pb.h">
      <Filter>头文件</Filter>
    </ClInclude>
    <ClInclude Include="..\source\MessageItemUnequipResponse.pb.h">
      <Filter>头文件</Filter>
    </ClInclude>
    <ClInclude Include="..\source\MessageItemUpGradeRequest.pb.h">
      <Filter>头文件</Filter>
    </ClInclude>
    <ClInclude Include="..\source\MessageItemUpgradeResponseFlag.pb.h">
      <Filter>头文件</Filter>
    </ClInclude>
    <ClInclude Include="..\source\MessageItemUseRequest.pb.h">
      <Filter>头文件</Filter>
    </ClInclude>
    <ClInclude Include="..\source\MessageLoginActivityNotify.pb.h">
      <Filter>头文件</Filter>
    </ClInclude>
    <ClInclude Include="..\source\MessageLoginActivityRequest.pb.h">
      <Filter>头文件</Filter>
    </ClInclude>
    <ClInclude Include="..\source\MessageLoginActivityRespond.pb.h">
      <Filter>头文件</Filter>
    </ClInclude>
    <ClInclude Include="..\source\MessageLoginSession.pb.h">
      <Filter>头文件</Filter>
    </ClInclude>
    <ClInclude Include="..\source\MessageNetControl.pb.h">
      <Filter>头文件</Filter>
    </ClInclude>
    <ClInclude Include="..\source\MessageNetTestRequest.pb.h">
      <Filter>头文件</Filter>
    </ClInclude>
    <ClInclude Include="..\source\MessageNetTestResponse.pb.h">
      <Filter>头文件</Filter>
    </ClInclude>
    <ClInclude Include="..\source\MessageNotifySignInUnit.pb.h">
      <Filter>头文件</Filter>
    </ClInclude>
    <ClInclude Include="..\source\MessageObservePlayerRequest.pb.h">
      <Filter>头文件</Filter>
    </ClInclude>
    <ClInclude Include="..\source\MessageOrderRank.pb.h">
      <Filter>头文件</Filter>
    </ClInclude>
    <ClInclude Include="..\source\MessageOrderRequest.pb.h">
      <Filter>头文件</Filter>
    </ClInclude>
    <ClInclude Include="..\source\MessageOrderSyncData.pb.h">
      <Filter>头文件</Filter>
    </ClInclude>
    <ClInclude Include="..\source\MessagePlayerAttrib.pb.h">
      <Filter>头文件</Filter>
    </ClInclude>
    <ClInclude Include="..\source\MessagePlayerAttribI64.pb.h">
      <Filter>头文件</Filter>
    </ClInclude>
    <ClInclude Include="..\source\MessagePlayerAttribInt.pb.h">
      <Filter>头文件</Filter>
    </ClInclude>
    <ClInclude Include="..\source\MessagePlayerAttribName.pb.h">
      <Filter>头文件</Filter>
    </ClInclude>
    <ClInclude Include="..\source\MessagePlayerCount.pb.h">
      <Filter>头文件</Filter>
    </ClInclude>
    <ClInclude Include="..\source\MessagePlayerDataResponse.pb.h">
      <Filter>头文件</Filter>
    </ClInclude>
    <ClInclude Include="..\source\MessagePlayerInfo.pb.h">
      <Filter>头文件</Filter>
    </ClInclude>
    <ClInclude Include="..\source\MessagePlayerLoadOver.pb.h">
      <Filter>头文件</Filter>
    </ClInclude>
    <ClInclude Include="..\source\MessagePlayerLogin.pb.h">
      <Filter>头文件</Filter>
    </ClInclude>
    <ClInclude Include="..\source\MessagePlayerLogout.pb.h">
      <Filter>头文件</Filter>
    </ClInclude>
    <ClInclude Include="..\source\MessageRecastCrystalRequest.pb.h">
      <Filter>头文件</Filter>
    </ClInclude>
    <ClInclude Include="..\source\MessageRecastCrystalResponseFlag.pb.h">
      <Filter>头文件</Filter>
    </ClInclude>
    <ClInclude Include="..\source\MessageRegistServer.pb.h">
      <Filter>头文件</Filter>
    </ClInclude>
    <ClInclude Include="..\source\MessageReqPlayerData.pb.h">
      <Filter>头文件</Filter>
    </ClInclude>
    <ClInclude Include="..\source\MessageReSetChallengeCount.pb.h">
      <Filter>头文件</Filter>
    </ClInclude>
    <ClInclude Include="..\source\MessageRewardDirectNotify.pb.h">
      <Filter>头文件</Filter>
    </ClInclude>
    <ClInclude Include="..\source\MessageRewardNotify.pb.h">
      <Filter>头文件</Filter>
    </ClInclude>
    <ClInclude Include="..\source\MessageRewardRequest.pb.h">
      <Filter>头文件</Filter>
    </ClInclude>
    <ClInclude Include="..\source\MessageSignCompRespond.pb.h">
      <Filter>头文件</Filter>
    </ClInclude>
    <ClInclude Include="..\source\MessageSignExchangeRespond.pb.h">
      <Filter>头文件</Filter>
    </ClInclude>
    <ClInclude Include="..\source\MessageSignInSys.pb.h">
      <Filter>头文件</Filter>
    </ClInclude>
    <ClInclude Include="..\source\MessageSkillReset.pb.h">
      <Filter>头文件</Filter>
    </ClInclude>
    <ClInclude Include="..\source\MessageSkillSelect.pb.h">
      <Filter>头文件</Filter>
    </ClInclude>
    <ClInclude Include="..\source\MessageSkillSpec.pb.h">
      <Filter>头文件</Filter>
    </ClInclude>
    <ClInclude Include="..\source\MessageSoulSystem.pb.h">
      <Filter>头文件</Filter>
    </ClInclude>
    <ClInclude Include="..\source\MessageStarsActive.pb.h">
      <Filter>头文件</Filter>
    </ClInclude>
    <ClInclude Include="..\source\MessageStarsInfo.pb.h">
      <Filter>头文件</Filter>
    </ClInclude>
    <ClInclude Include="..\source\MessageStarsInlay.pb.h">
      <Filter>头文件</Filter>
    </ClInclude>
    <ClInclude Include="..\source\MessageStarsUnlay.pb.h">
      <Filter>头文件</Filter>
    </ClInclude>
    <ClInclude Include="..\source\MessageStarsUplevel.pb.h">
      <Filter>头文件</Filter>
    </ClInclude>
    <ClInclude Include="..\source\MessageStoreSystemBuyRequest.pb.h">
      <Filter>头文件</Filter>
    </ClInclude>
    <ClInclude Include="..\source\MessageStoreSystemLoadRequest.pb.h">
      <Filter>头文件</Filter>
    </ClInclude>
    <ClInclude Include="..\source\MessageStoreSystemLoadResponse.pb.h">
      <Filter>头文件</Filter>
    </ClInclude>
    <ClInclude Include="..\source\MessageSyncBuffer.pb.h">
      <Filter>头文件</Filter>
    </ClInclude>
    <ClInclude Include="..\source\MessageSyncGateLoad.pb.h">
      <Filter>头文件</Filter>
    </ClInclude>
    <ClInclude Include="..\source\MessageSyncObjField.pb.h">
      <Filter>头文件</Filter>
    </ClInclude>
    <ClInclude Include="..\source\MessageSyncServer.pb.h">
      <Filter>头文件</Filter>
    </ClInclude>
    <ClInclude Include="..\source\MessageTaskAddNotify.pb.h">
      <Filter>头文件</Filter>
    </ClInclude>
    <ClInclude Include="..\source\MessageTaskDelNotify.pb.h">
      <Filter>头文件</Filter>
    </ClInclude>
    <ClInclude Include="..\source\MessageTaskFinishRequest.pb.h">
      <Filter>头文件</Filter>
    </ClInclude>
    <ClInclude Include="..\source\MessageTaskFinishResponse.pb.h">
      <Filter>头文件</Filter>
    </ClInclude>
    <ClInclude Include="..\source\MessageTaskResetRequest.pb.h">
      <Filter>头文件</Filter>
    </ClInclude>
    <ClInclude Include="..\source\MessageTaskResetResponse.pb.h">
      <Filter>头文件</Filter>
    </ClInclude>
    <ClInclude Include="..\source\MessageTaskSync.pb.h">
      <Filter>头文件</Filter>
    </ClInclude>
    <ClInclude Include="..\source\MessageTaskSyncToData.pb.h">
      <Filter>头文件</Filter>
    </ClInclude>
    <ClInclude Include="..\source\MessageTrainDoRequest.pb.h">
      <Filter>头文件</Filter>
    </ClInclude>
    <ClInclude Include="..\source\MessageTrainDoResponse.pb.h">
      <Filter>头文件</Filter>
    </ClInclude>
    <ClInclude Include="..\source\MessageTrainSaveRequest.pb.h">
      <Filter>头文件</Filter>
    </ClInclude>
    <ClInclude Include="..\source\MessageTrainSaveResponse.pb.h">
      <Filter>头文件</Filter>
    </ClInclude>
    <ClInclude Include="..\source\MessageTrainUnSaveRequest.pb.h">
      <Filter>头文件</Filter>
    </ClInclude>
    <ClInclude Include="..\source\MessageUnloadSoulRequest.pb.h">
      <Filter>头文件</Filter>
    </ClInclude>
    <ClInclude Include="..\source\MessageUserCheck.pb.h">
      <Filter>头文件</Filter>
    </ClInclude>
    <ClInclude Include="..\source\MessageUserDisplace.pb.h">
      <Filter>头文件</Filter>
    </ClInclude>
    <ClInclude Include="..\source\MessageUserHeartRequest.pb.h">
      <Filter>头文件</Filter>
    </ClInclude>
    <ClInclude Include="..\source\MessageUserHeartResponse.pb.h">
      <Filter>头文件</Filter>
    </ClInclude>
    <ClInclude Include="..\source\MessageUserKickout.pb.h">
      <Filter>头文件</Filter>
    </ClInclude>
    <ClInclude Include="..\source\MessageUserLogin.pb.h">
      <Filter>头文件</Filter>
    </ClInclude>
    <ClInclude Include="..\source\MessageUserLogout.pb.h">
      <Filter>头文件</Filter>
    </ClInclude>
    <ClInclude Include="..\source\MessageWorldDataRequest.pb.h">
      <Filter>头文件</Filter>
    </ClInclude>
    <ClInclude Include="..\source\MessageWorldDataResponse.pb.h">
      <Filter>头文件</Filter>
    </ClInclude>
    <ClInclude Include="..\source\MessageWorshiping.pb.h">
      <Filter>头文件</Filter>
    </ClInclude>
  </ItemGroup>
  <ItemGroup>
    <ClCompile Include="..\source\MesagePlayerCitySync.pb.cc">
      <Filter>源文件</Filter>
    </ClCompile>
    <ClCompile Include="..\source\MessageArenaChallenge.pb.cc">
      <Filter>源文件</Filter>
    </ClCompile>
    <ClCompile Include="..\source\MessageArenaChallengeKnight.pb.cc">
      <Filter>源文件</Filter>
    </ClCompile>
    <ClCompile Include="..\source\MessageArenaChangeOpp.pb.cc">
      <Filter>源文件</Filter>
    </ClCompile>
    <ClCompile Include="..\source\MessageArenaKnightAppear.pb.cc">
      <Filter>源文件</Filter>
    </ClCompile>
    <ClCompile Include="..\source\MessageArenaPlayerData.pb.cc">
      <Filter>源文件</Filter>
    </ClCompile>
    <ClCompile Include="..\source\MessageArenaPlayerDataRequest.pb.cc">
      <Filter>源文件</Filter>
    </ClCompile>
    <ClCompile Include="..\source\MessageArenaRefresh.pb.cc">
      <Filter>源文件</Filter>
    </ClCompile>
    <ClCompile Include="..\source\MessageArenaReward.pb.cc">
      <Filter>源文件</Filter>
    </ClCompile>
    <ClCompile Include="..\source\MessageArenaSyncData.pb.cc">
      <Filter>源文件</Filter>
    </ClCompile>
    <ClCompile Include="..\source\MessageAttackMonsterRequest.pb.cc">
      <Filter>源文件</Filter>
    </ClCompile>
    <ClCompile Include="..\source\MessageBattleAttackRequest.pb.cc">
      <Filter>源文件</Filter>
    </ClCompile>
    <ClCompile Include="..\source\MessageBattleBuyActionRequest.pb.cc">
      <Filter>源文件</Filter>
    </ClCompile>
    <ClCompile Include="..\source\MessageBattleBuyTimeRequest.pb.cc">
      <Filter>源文件</Filter>
    </ClCompile>
    <ClCompile Include="..\source\MessageBattleDefendRequest.pb.cc">
      <Filter>源文件</Filter>
    </ClCompile>
    <ClCompile Include="..\source\MessageBattleDialyRewardGetRequest.pb.cc">
      <Filter>源文件</Filter>
    </ClCompile>
    <ClCompile Include="..\source\MessageBattleDoubleWinRankingRequest.pb.cc">
      <Filter>源文件</Filter>
    </ClCompile>
    <ClCompile Include="..\source\MessageBattleDoubleWinRankingResponse.pb.cc">
      <Filter>源文件</Filter>
    </ClCompile>
    <ClCompile Include="..\source\MessageBattleInitNotify.pb.cc">
      <Filter>源文件</Filter>
    </ClCompile>
    <ClCompile Include="..\source\MessageBattleJoinerNotify.pb.cc">
      <Filter>源文件</Filter>
    </ClCompile>
    <ClCompile Include="..\source\MessageBattleJoinRequest.pb.cc">
      <Filter>源文件</Filter>
    </ClCompile>
    <ClCompile Include="..\source\MessageBattleMoveRequest.pb.cc">
      <Filter>源文件</Filter>
    </ClCompile>
    <ClCompile Include="..\source\MessageBattleRankingRewardGetRequest.pb.cc">
      <Filter>源文件</Filter>
    </ClCompile>
    <ClCompile Include="..\source\MessageBattleSingleRewardDoubleRequest.pb.cc">
      <Filter>源文件</Filter>
    </ClCompile>
    <ClCompile Include="..\source\MessageBattleSingleRewardGetRequest.pb.cc">
      <Filter>源文件</Filter>
    </ClCompile>
    <ClCompile Include="..\source\MessageBattleSingleRewardNotify.pb.cc">
      <Filter>源文件</Filter>
    </ClCompile>
    <ClCompile Include="..\source\MessageBattleWinnerNotify.pb.cc">
      <Filter>源文件</Filter>
    </ClCompile>
    <ClCompile Include="..\source\MessageBattleWinnerRewardGetRequest.pb.cc">
      <Filter>源文件</Filter>
    </ClCompile>
    <ClCompile Include="..\source\MessageBattleWpinfoRequest.pb.cc">
      <Filter>源文件</Filter>
    </ClCompile>
    <ClCompile Include="..\source\MessageBattleWpinfoResponse.pb.cc">
      <Filter>源文件</Filter>
    </ClCompile>
    <ClCompile Include="..\source\MessageBossAttackRequest.pb.cc">
      <Filter>源文件</Filter>
    </ClCompile>
    <ClCompile Include="..\source\MessageBossAttackResponse.pb.cc">
      <Filter>源文件</Filter>
    </ClCompile>
    <ClCompile Include="..\source\MessageBossCooldownRequest.pb.cc">
      <Filter>源文件</Filter>
    </ClCompile>
    <ClCompile Include="..\source\MessageBossCooldownResponse.pb.cc">
      <Filter>源文件</Filter>
    </ClCompile>
    <ClCompile Include="..\source\MessageBossInfoNotify.pb.cc">
      <Filter>源文件</Filter>
    </ClCompile>
    <ClCompile Include="..\source\MessageBossInspireRequest.pb.cc">
      <Filter>源文件</Filter>
    </ClCompile>
    <ClCompile Include="..\source\MessageBossInspireResponse.pb.cc">
      <Filter>源文件</Filter>
    </ClCompile>
    <ClCompile Include="..\source\MessageBossJoinRequest.pb.cc">
      <Filter>源文件</Filter>
    </ClCompile>
    <ClCompile Include="..\source\MessageChat.pb.cc">
      <Filter>源文件</Filter>
    </ClCompile>
    <ClCompile Include="..\source\MessageCheckNameRequest.pb.cc">
      <Filter>源文件</Filter>
    </ClCompile>
    <ClCompile Include="..\source\MessageCheckNameResponse.pb.cc">
      <Filter>源文件</Filter>
    </ClCompile>
    <ClCompile Include="..\source\MessageCityHelperNotify.pb.cc">
      <Filter>源文件</Filter>
    </ClCompile>
    <ClCompile Include="..\source\MessageCityHelperRequest.pb.cc">
      <Filter>源文件</Filter>
    </ClCompile>
    <ClCompile Include="..\source\MessageCityHelperSelectRequest.pb.cc">
      <Filter>源文件</Filter>
    </ClCompile>
    <ClCompile Include="..\source\MessageCityParamsSync.pb.cc">
      <Filter>源文件</Filter>
    </ClCompile>
    <ClCompile Include="..\source\MessageCityPrizzeRequest.pb.cc">
      <Filter>源文件</Filter>
    </ClCompile>
    <ClCompile Include="..\source\MessageClientLogin.pb.cc">
      <Filter>源文件</Filter>
    </ClCompile>
    <ClCompile Include="..\source\MessageCombatAward.pb.cc">
      <Filter>源文件</Filter>
    </ClCompile>
    <ClCompile Include="..\source\MessageCombatReport.pb.cc">
      <Filter>源文件</Filter>
    </ClCompile>
    <ClCompile Include="..\source\MessageCombatResult.pb.cc">
      <Filter>源文件</Filter>
    </ClCompile>
    <ClCompile Include="..\source\MessageCombatStart.pb.cc">
      <Filter>源文件</Filter>
    </ClCompile>
    <ClCompile Include="..\source\MessageConnectGate.pb.cc">
      <Filter>源文件</Filter>
    </ClCompile>
    <ClCompile Include="..\source\MessageCreatePlayer.pb.cc">
      <Filter>源文件</Filter>
    </ClCompile>
    <ClCompile Include="..\source\MessageDebugRequest.pb.cc">
      <Filter>源文件</Filter>
    </ClCompile>
    <ClCompile Include="..\source\MessageDeletePlayer.pb.cc">
      <Filter>源文件</Filter>
    </ClCompile>
    <ClCompile Include="..\source\MessageErrorNo.pb.cc">
      <Filter>源文件</Filter>
    </ClCompile>
    <ClCompile Include="..\source\MessageEventSync.pb.cc">
      <Filter>源文件</Filter>
    </ClCompile>
    <ClCompile Include="..\source\MessageExpandBagRequest.pb.cc">
      <Filter>源文件</Filter>
    </ClCompile>
    <ClCompile Include="..\source\MessageFightAward.pb.cc">
      <Filter>源文件</Filter>
    </ClCompile>
    <ClCompile Include="..\source\MessageFormatDebutNotify.pb.cc">
      <Filter>源文件</Filter>
    </ClCompile>
    <ClCompile Include="..\source\MessageFormatDebutRequest.pb.cc">
      <Filter>源文件</Filter>
    </ClCompile>
    <ClCompile Include="..\source\MessageFormatInfoNotify.pb.cc">
      <Filter>源文件</Filter>
    </ClCompile>
    <ClCompile Include="..\source\MessageFormatUpRequest.pb.cc">
      <Filter>源文件</Filter>
    </ClCompile>
    <ClCompile Include="..\source\MessageFormatUpResponse.pb.cc">
      <Filter>源文件</Filter>
    </ClCompile>
    <ClCompile Include="..\source\MessageFriend.pb.cc">
      <Filter>源文件</Filter>
    </ClCompile>
    <ClCompile Include="..\source\MessageFriends.pb.cc">
      <Filter>源文件</Filter>
    </ClCompile>
    <ClCompile Include="..\source\MessageFriendsDataRequest.pb.cc">
      <Filter>源文件</Filter>
    </ClCompile>
    <ClCompile Include="..\source\MessageFriendsDataResponse.pb.cc">
      <Filter>源文件</Filter>
    </ClCompile>
    <ClCompile Include="..\source\MessageFriendsSync.pb.cc">
      <Filter>源文件</Filter>
    </ClCompile>
    <ClCompile Include="..\source\MessageFriendsSyncToData.pb.cc">
      <Filter>源文件</Filter>
    </ClCompile>
    <ClCompile Include="..\source\MessageGuestCheck.pb.cc">
      <Filter>源文件</Filter>
    </ClCompile>
    <ClCompile Include="..\source\MessageHeroAttrI64Notify.pb.cc">
      <Filter>源文件</Filter>
    </ClCompile>
    <ClCompile Include="..\source\MessageHeroAttrIntNotify.pb.cc">
      <Filter>源文件</Filter>
    </ClCompile>
    <ClCompile Include="..\source\MessageHeroGainNotify.pb.cc">
      <Filter>源文件</Filter>
    </ClCompile>
    <ClCompile Include="..\source\MessageHeroInheritRequest.pb.cc">
      <Filter>源文件</Filter>
    </ClCompile>
    <ClCompile Include="..\source\MessageHeroInheritResponse.pb.cc">
      <Filter>源文件</Filter>
    </ClCompile>
    <ClCompile Include="..\source\MessageHeroLeaveRequest.pb.cc">
      <Filter>源文件</Filter>
    </ClCompile>
    <ClCompile Include="..\source\MessageHeroProgressRequest.pb.cc">
      <Filter>源文件</Filter>
    </ClCompile>
    <ClCompile Include="..\source\MessageHeroQualityRequest.pb.cc">
      <Filter>源文件</Filter>
    </ClCompile>
    <ClCompile Include="..\source\MessageHeroRecallRequest.pb.cc">
      <Filter>源文件</Filter>
    </ClCompile>
    <ClCompile Include="..\source\MessageHeroRecruitRequest.pb.cc">
      <Filter>源文件</Filter>
    </ClCompile>
    <ClCompile Include="..\source\MessageIntensifyCrystalRequest.pb.cc">
      <Filter>源文件</Filter>
    </ClCompile>
    <ClCompile Include="..\source\MessageIntensifyCrystalResponseFlag.pb.cc">
      <Filter>源文件</Filter>
    </ClCompile>
    <ClCompile Include="..\source\MessageIntensifyJadeRequest.pb.cc">
      <Filter>源文件</Filter>
    </ClCompile>
    <ClCompile Include="..\source\MessageIntensifyJadeResponseFlag.pb.cc">
      <Filter>源文件</Filter>
    </ClCompile>
    <ClCompile Include="..\source\MessageIntensifyMithrilRequest.pb.cc">
      <Filter>源文件</Filter>
    </ClCompile>
    <ClCompile Include="..\source\MessageItemDeleteResponse.pb.cc">
      <Filter>源文件</Filter>
    </ClCompile>
    <ClCompile Include="..\source\MessageItemEquipRequest.pb.cc">
      <Filter>源文件</Filter>
    </ClCompile>
    <ClCompile Include="..\source\MessageItemEquipResponse.pb.cc">
      <Filter>源文件</Filter>
    </ClCompile>
    <ClCompile Include="..\source\MessageItemGainResponse.pb.cc">
      <Filter>源文件</Filter>
    </ClCompile>
    <ClCompile Include="..\source\MessageItemInlayCrystalRequest.pb.cc">
      <Filter>源文件</Filter>
    </ClCompile>
    <ClCompile Include="..\source\MessageItemInlayCrystalResponseFlag.pb.cc">
      <Filter>源文件</Filter>
    </ClCompile>
    <ClCompile Include="..\source\MessageItemInlayJadeRequest.pb.cc">
      <Filter>源文件</Filter>
    </ClCompile>
    <ClCompile Include="..\source\MessageItemIntensifyRequest.pb.cc">
      <Filter>源文件</Filter>
    </ClCompile>
    <ClCompile Include="..\source\MessageItemIntensifyResponseFlag.pb.cc">
      <Filter>源文件</Filter>
    </ClCompile>
    <ClCompile Include="..\source\MessageItemSellRequest.pb.cc">
      <Filter>源文件</Filter>
    </ClCompile>
    <ClCompile Include="..\source\MessageItemSlottingRequest.pb.cc">
      <Filter>源文件</Filter>
    </ClCompile>
    <ClCompile Include="..\source\MessageItemSyncAttribI64.pb.cc">
      <Filter>源文件</Filter>
    </ClCompile>
    <ClCompile Include="..\source\MessageItemSyncAttribInt.pb.cc">
      <Filter>源文件</Filter>
    </ClCompile>
    <ClCompile Include="..\source\MessageItemSystem.pb.cc">
      <Filter>源文件</Filter>
    </ClCompile>
    <ClCompile Include="..\source\MessageItemUnequipRequest.pb.cc">
      <Filter>源文件</Filter>
    </ClCompile>
    <ClCompile Include="..\source\MessageItemUnequipResponse.pb.cc">
      <Filter>源文件</Filter>
    </ClCompile>
    <ClCompile Include="..\source\MessageItemUpGradeRequest.pb.cc">
      <Filter>源文件</Filter>
    </ClCompile>
    <ClCompile Include="..\source\MessageItemUpgradeResponseFlag.pb.cc">
      <Filter>源文件</Filter>
    </ClCompile>
    <ClCompile Include="..\source\MessageItemUseRequest.pb.cc">
      <Filter>源文件</Filter>
    </ClCompile>
    <ClCompile Include="..\source\MessageLoginActivityNotify.pb.cc">
      <Filter>源文件</Filter>
    </ClCompile>
    <ClCompile Include="..\source\MessageLoginActivityRequest.pb.cc">
      <Filter>源文件</Filter>
    </ClCompile>
    <ClCompile Include="..\source\MessageLoginActivityRespond.pb.cc">
      <Filter>源文件</Filter>
    </ClCompile>
    <ClCompile Include="..\source\MessageLoginSession.pb.cc">
      <Filter>源文件</Filter>
    </ClCompile>
    <ClCompile Include="..\source\MessageNetControl.pb.cc">
      <Filter>源文件</Filter>
    </ClCompile>
    <ClCompile Include="..\source\MessageNetTestRequest.pb.cc">
      <Filter>源文件</Filter>
    </ClCompile>
    <ClCompile Include="..\source\MessageNetTestResponse.pb.cc">
      <Filter>源文件</Filter>
    </ClCompile>
    <ClCompile Include="..\source\MessageNotifySignInUnit.pb.cc">
      <Filter>源文件</Filter>
    </ClCompile>
    <ClCompile Include="..\source\MessageObservePlayerRequest.pb.cc">
      <Filter>源文件</Filter>
    </ClCompile>
    <ClCompile Include="..\source\MessageOrderRank.pb.cc">
      <Filter>源文件</Filter>
    </ClCompile>
    <ClCompile Include="..\source\MessageOrderRequest.pb.cc">
      <Filter>源文件</Filter>
    </ClCompile>
    <ClCompile Include="..\source\MessageOrderSyncData.pb.cc">
      <Filter>源文件</Filter>
    </ClCompile>
    <ClCompile Include="..\source\MessagePlayerAttrib.pb.cc">
      <Filter>源文件</Filter>
    </ClCompile>
    <ClCompile Include="..\source\MessagePlayerAttribI64.pb.cc">
      <Filter>源文件</Filter>
    </ClCompile>
    <ClCompile Include="..\source\MessagePlayerAttribInt.pb.cc">
      <Filter>源文件</Filter>
    </ClCompile>
    <ClCompile Include="..\source\MessagePlayerAttribName.pb.cc">
      <Filter>源文件</Filter>
    </ClCompile>
    <ClCompile Include="..\source\MessagePlayerCount.pb.cc">
      <Filter>源文件</Filter>
    </ClCompile>
    <ClCompile Include="..\source\MessagePlayerDataResponse.pb.cc">
      <Filter>源文件</Filter>
    </ClCompile>
    <ClCompile Include="..\source\MessagePlayerInfo.pb.cc">
      <Filter>源文件</Filter>
    </ClCompile>
    <ClCompile Include="..\source\MessagePlayerLoadOver.pb.cc">
      <Filter>源文件</Filter>
    </ClCompile>
    <ClCompile Include="..\source\MessagePlayerLogin.pb.cc">
      <Filter>源文件</Filter>
    </ClCompile>
    <ClCompile Include="..\source\MessagePlayerLogout.pb.cc">
      <Filter>源文件</Filter>
    </ClCompile>
    <ClCompile Include="..\source\MessageRecastCrystalRequest.pb.cc">
      <Filter>源文件</Filter>
    </ClCompile>
    <ClCompile Include="..\source\MessageRecastCrystalResponseFlag.pb.cc">
      <Filter>源文件</Filter>
    </ClCompile>
    <ClCompile Include="..\source\MessageRegistServer.pb.cc">
      <Filter>源文件</Filter>
    </ClCompile>
    <ClCompile Include="..\source\MessageReqPlayerData.pb.cc">
      <Filter>源文件</Filter>
    </ClCompile>
    <ClCompile Include="..\source\MessageReSetChallengeCount.pb.cc">
      <Filter>源文件</Filter>
    </ClCompile>
    <ClCompile Include="..\source\MessageRewardDirectNotify.pb.cc">
      <Filter>源文件</Filter>
    </ClCompile>
    <ClCompile Include="..\source\MessageRewardNotify.pb.cc">
      <Filter>源文件</Filter>
    </ClCompile>
    <ClCompile Include="..\source\MessageRewardRequest.pb.cc">
      <Filter>源文件</Filter>
    </ClCompile>
    <ClCompile Include="..\source\MessageSignCompRespond.pb.cc">
      <Filter>源文件</Filter>
    </ClCompile>
    <ClCompile Include="..\source\MessageSignExchangeRespond.pb.cc">
      <Filter>源文件</Filter>
    </ClCompile>
    <ClCompile Include="..\source\MessageSignInSys.pb.cc">
      <Filter>源文件</Filter>
    </ClCompile>
    <ClCompile Include="..\source\MessageSkillReset.pb.cc">
      <Filter>源文件</Filter>
    </ClCompile>
    <ClCompile Include="..\source\MessageSkillSelect.pb.cc">
      <Filter>源文件</Filter>
    </ClCompile>
    <ClCompile Include="..\source\MessageSkillSpec.pb.cc">
      <Filter>源文件</Filter>
    </ClCompile>
    <ClCompile Include="..\source\MessageSoulSystem.pb.cc">
      <Filter>源文件</Filter>
    </ClCompile>
    <ClCompile Include="..\source\MessageStarsActive.pb.cc">
      <Filter>源文件</Filter>
    </ClCompile>
    <ClCompile Include="..\source\MessageStarsInfo.pb.cc">
      <Filter>源文件</Filter>
    </ClCompile>
    <ClCompile Include="..\source\MessageStarsInlay.pb.cc">
      <Filter>源文件</Filter>
    </ClCompile>
    <ClCompile Include="..\source\MessageStarsUnlay.pb.cc">
      <Filter>源文件</Filter>
    </ClCompile>
    <ClCompile Include="..\source\MessageStarsUplevel.pb.cc">
      <Filter>源文件</Filter>
    </ClCompile>
    <ClCompile Include="..\source\MessageStoreSystemBuyRequest.pb.cc">
      <Filter>源文件</Filter>
    </ClCompile>
    <ClCompile Include="..\source\MessageStoreSystemLoadRequest.pb.cc">
      <Filter>源文件</Filter>
    </ClCompile>
    <ClCompile Include="..\source\MessageStoreSystemLoadResponse.pb.cc">
      <Filter>源文件</Filter>
    </ClCompile>
    <ClCompile Include="..\source\MessageSyncBuffer.pb.cc">
      <Filter>源文件</Filter>
    </ClCompile>
    <ClCompile Include="..\source\MessageSyncGateLoad.pb.cc">
      <Filter>源文件</Filter>
    </ClCompile>
    <ClCompile Include="..\source\MessageSyncObjField.pb.cc">
      <Filter>源文件</Filter>
    </ClCompile>
    <ClCompile Include="..\source\MessageSyncServer.pb.cc">
      <Filter>源文件</Filter>
    </ClCompile>
    <ClCompile Include="..\source\MessageTaskAddNotify.pb.cc">
      <Filter>源文件</Filter>
    </ClCompile>
    <ClCompile Include="..\source\MessageTaskDelNotify.pb.cc">
      <Filter>源文件</Filter>
    </ClCompile>
    <ClCompile Include="..\source\MessageTaskFinishRequest.pb.cc">
      <Filter>源文件</Filter>
    </ClCompile>
    <ClCompile Include="..\source\MessageTaskFinishResponse.pb.cc">
      <Filter>源文件</Filter>
    </ClCompile>
    <ClCompile Include="..\source\MessageTaskResetRequest.pb.cc">
      <Filter>源文件</Filter>
    </ClCompile>
    <ClCompile Include="..\source\MessageTaskResetResponse.pb.cc">
      <Filter>源文件</Filter>
    </ClCompile>
    <ClCompile Include="..\source\MessageTaskSync.pb.cc">
      <Filter>源文件</Filter>
    </ClCompile>
    <ClCompile Include="..\source\MessageTaskSyncToData.pb.cc">
      <Filter>源文件</Filter>
    </ClCompile>
    <ClCompile Include="..\source\MessageTrainDoRequest.pb.cc">
      <Filter>源文件</Filter>
    </ClCompile>
    <ClCompile Include="..\source\MessageTrainDoResponse.pb.cc">
      <Filter>源文件</Filter>
    </ClCompile>
    <ClCompile Include="..\source\MessageTrainSaveRequest.pb.cc">
      <Filter>源文件</Filter>
    </ClCompile>
    <ClCompile Include="..\source\MessageTrainSaveResponse.pb.cc">
      <Filter>源文件</Filter>
    </ClCompile>
    <ClCompile Include="..\source\MessageTrainUnSaveRequest.pb.cc">
      <Filter>源文件</Filter>
    </ClCompile>
    <ClCompile Include="..\source\MessageUnloadSoulRequest.pb.cc">
      <Filter>源文件</Filter>
    </ClCompile>
    <ClCompile Include="..\source\MessageUserCheck.pb.cc">
      <Filter>源文件</Filter>
    </ClCompile>
    <ClCompile Include="..\source\MessageUserDisplace.pb.cc">
      <Filter>源文件</Filter>
    </ClCompile>
    <ClCompile Include="..\source\MessageUserHeartRequest.pb.cc">
      <Filter>源文件</Filter>
    </ClCompile>
    <ClCompile Include="..\source\MessageUserHeartResponse.pb.cc">
      <Filter>源文件</Filter>
    </ClCompile>
    <ClCompile Include="..\source\MessageUserKickout.pb.cc">
      <Filter>源文件</Filter>
    </ClCompile>
    <ClCompile Include="..\source\MessageUserLogin.pb.cc">
      <Filter>源文件</Filter>
    </ClCompile>
    <ClCompile Include="..\source\MessageUserLogout.pb.cc">
      <Filter>源文件</Filter>
    </ClCompile>
    <ClCompile Include="..\source\MessageWorldDataRequest.pb.cc">
      <Filter>源文件</Filter>
    </ClCompile>
    <ClCompile Include="..\source\MessageWorldDataResponse.pb.cc">
      <Filter>源文件</Filter>
    </ClCompile>
    <ClCompile Include="..\source\MessageWorshiping.pb.cc">
      <Filter>源文件</Filter>
    </ClCompile>
  </ItemGroup>
</Project>