<?xml version="1.0" encoding="utf-8"?>
<Project ToolsVersion="4.0" xmlns="http://schemas.microsoft.com/developer/msbuild/2003">
  <ItemGroup>
    <Filter Include="源文件">
      <UniqueIdentifier>{4FC737F1-C7A5-4376-A066-2A32D752A2FF}</UniqueIdentifier>
      <Extensions>cpp;c;cc;cxx;def;odl;idl;hpj;bat;asm;asmx</Extensions>
    </Filter>
    <Filter Include="头文件">
      <UniqueIdentifier>{93995380-89BD-4b04-88EB-625FBE52EBFB}</UniqueIdentifier>
      <Extensions>h;hpp;hxx;hm;inl;inc;xsd</Extensions>
    </Filter>
    <Filter Include="资源文件">
      <UniqueIdentifier>{67DA6AB6-F800-4c08-8B7A-83BB121AAD01}</UniqueIdentifier>
      <Extensions>rc;ico;cur;bmp;dlg;rc2;rct;bin;rgs;gif;jpg;jpeg;jpe;resx;tiff;tif;png;wav</Extensions>
    </Filter>
    <Filter Include="message">
      <UniqueIdentifier>{c79fa50b-e4f0-4375-bca3-a8ae0e5edb0d}</UniqueIdentifier>
    </Filter>
  </ItemGroup>
  <ItemGroup>
    <ClCompile Include="LuaFunc.cpp">
      <Filter>源文件</Filter>
    </ClCompile>
    <ClCompile Include="RobotNet.cpp">
      <Filter>源文件</Filter>
    </ClCompile>
    <ClCompile Include="RobotObj.cpp">
      <Filter>源文件</Filter>
    </ClCompile>
    <ClCompile Include="RobotPlus.cpp">
      <Filter>源文件</Filter>
    </ClCompile>
    <ClCompile Include="RobotUnit.cpp">
      <Filter>源文件</Filter>
    </ClCompile>
    <ClCompile Include="stdafx.cpp">
      <Filter>源文件</Filter>
    </ClCompile>
    <ClCompile Include="..\..\..\public\message\source\MessageCommon.pb.cc">
      <Filter>message</Filter>
    </ClCompile>
    <ClCompile Include="..\..\..\public\message\source\MessageDebug.pb.cc">
      <Filter>message</Filter>
    </ClCompile>
    <ClCompile Include="..\..\..\public\message\source\MessageGameobj.pb.cc">
      <Filter>message</Filter>
    </ClCompile>
    <ClCompile Include="..\..\..\public\message\source\MessagePlayer.pb.cc">
      <Filter>message</Filter>
    </ClCompile>
    <ClCompile Include="..\..\..\public\message\source\MessageServer.pb.cc">
      <Filter>message</Filter>
    </ClCompile>
    <ClCompile Include="..\..\..\public\message\source\MessageTypeDefine.pb.cc">
      <Filter>message</Filter>
    </ClCompile>
    <ClCompile Include="..\..\..\public\message\source\MessageUser.pb.cc">
      <Filter>message</Filter>
    </ClCompile>
  </ItemGroup>
  <ItemGroup>
    <ClInclude Include="LuaFunc.h">
      <Filter>头文件</Filter>
    </ClInclude>
    <ClInclude Include="PacketParser.h">
      <Filter>头文件</Filter>
    </ClInclude>
    <ClInclude Include="RobotMgr.h">
      <Filter>头文件</Filter>
    </ClInclude>
    <ClInclude Include="RobotNet.h">
      <Filter>头文件</Filter>
    </ClInclude>
    <ClInclude Include="RobotObj.h">
      <Filter>头文件</Filter>
    </ClInclude>
    <ClInclude Include="RobotUnit.h">
      <Filter>头文件</Filter>
    </ClInclude>
    <ClInclude Include="stdafx.h">
      <Filter>头文件</Filter>
    </ClInclude>
    <ClInclude Include="targetver.h">
      <Filter>头文件</Filter>
    </ClInclude>
    <ClInclude Include="..\..\..\public\message\source\MessageCommon.pb.h">
      <Filter>message</Filter>
    </ClInclude>
    <ClInclude Include="..\..\..\public\message\source\MessageDebug.pb.h">
      <Filter>message</Filter>
    </ClInclude>
    <ClInclude Include="..\..\..\public\message\source\MessageGameobj.pb.h">
      <Filter>message</Filter>
    </ClInclude>
    <ClInclude Include="..\..\..\public\message\source\MessagePlayer.pb.h">
      <Filter>message</Filter>
    </ClInclude>
    <ClInclude Include="..\..\..\public\message\source\MessageServer.pb.h">
      <Filter>message</Filter>
    </ClInclude>
    <ClInclude Include="..\..\..\public\message\source\MessageTypeDefine.pb.h">
      <Filter>message</Filter>
    </ClInclude>
    <ClInclude Include="..\..\..\public\message\source\MessageUser.pb.h">
      <Filter>message</Filter>
    </ClInclude>
  </ItemGroup>
</Project>