<?xml version="1.0" encoding="utf-8"?>
<Project ToolsVersion="4.0" xmlns="http://schemas.microsoft.com/developer/msbuild/2003">
  <ItemGroup>
    <Filter Include="源文件">
      <UniqueIdentifier>{4FC737F1-C7A5-4376-A066-2A32D752A2FF}</UniqueIdentifier>
      <Extensions>cpp;c;cc;cxx;def;odl;idl;hpj;bat;asm;asmx</Extensions>
    </Filter>
    <Filter Include="头文件">
      <UniqueIdentifier>{93995380-89BD-4b04-88EB-625FBE52EBFB}</UniqueIdentifier>
      <Extensions>h;hpp;hxx;hm;inl;inc;xsd</Extensions>
    </Filter>
    <Filter Include="message">
      <UniqueIdentifier>{9eeed5ef-bd69-4dd0-9988-1f4962954004}</UniqueIdentifier>
    </Filter>
    <Filter Include="manager">
      <UniqueIdentifier>{89d20c6f-6774-4ace-9157-cc38e05ff30a}</UniqueIdentifier>
    </Filter>
  </ItemGroup>
  <ItemGroup>
    <ClCompile Include="source\DataModule.cpp">
      <Filter>manager</Filter>
    </ClCompile>
    <ClCompile Include="source\LoadModule.cpp">
      <Filter>manager</Filter>
    </ClCompile>
    <ClCompile Include="source\DataServer.cpp">
      <Filter>源文件</Filter>
    </ClCompile>
    <ClCompile Include="main.cpp">
      <Filter>源文件</Filter>
    </ClCompile>
  </ItemGroup>
  <ItemGroup>
    <ClInclude Include="include\DataModule.h">
      <Filter>manager</Filter>
    </ClInclude>
    <ClInclude Include="include\LoadModule.h">
      <Filter>manager</Filter>
    </ClInclude>
    <ClInclude Include="include\DataServer.h">
      <Filter>头文件</Filter>
    </ClInclude>
  </ItemGroup>
</Project>